
Microsoft Visual Studio Solution File, Format Version 12.00
# Visual Studio Version 17
VisualStudioVersion = 17.11.35312.102
MinimumVisualStudioVersion = 10.0.40219.1
Project("{FAE04EC0-301F-11D3-BF4B-00C04F79EFBC}") = "VeterinerBilgiSistemi", "VeterinerBilgiSistemi.csproj", "{310E8332-60FB-4C01-B306-542613497D59}"
EndProject
Global
	GlobalSection(SolutionConfigurationPlatforms) = preSolution
		Debug|Any CPU = Debug|Any CPU
		Release|Any CPU = Release|Any CPU
	EndGlobalSection
	GlobalSection(ProjectConfigurationPlatforms) = postSolution
		{310E8332-60FB-4C01-B306-542613497D59}.Debug|Any CPU.ActiveCfg = Debug|Any CPU
		{310E8332-60FB-4C01-B306-542613497D59}.Debug|Any CPU.Build.0 = Debug|Any CPU
		{310E8332-60FB-4C01-B306-542613497D59}.Release|Any CPU.ActiveCfg = Release|Any CPU
		{310E8332-60FB-4C01-B306-542613497D59}.Release|Any CPU.Build.0 = Release|Any CPU
	EndGlobalSection
	GlobalSection(SolutionProperties) = preSolution
		HideSolutionNode = FALSE
	EndGlobalSection
	GlobalSection(ExtensibilityGlobals) = postSolution
		SolutionGuid = {F17A866A-BB37-44BF-B99C-DB1097E2C52B}
	EndGlobalSection
EndGlobal
